
Microsoft Visual Studio Solution File, Format Version 12.00
# Visual Studio 15
VisualStudioVersion = 15.0.27703.2000
MinimumVisualStudioVersion = 10.0.40219.1
Project("{FAE04EC0-301F-11D3-BF4B-00C04F79EFBC}") = "BankAplication", "BankAplication\BankAplication.csproj", "{98AE1ECB-6E82-4E03-910B-F84C69917A2E}"
EndProject
Project("{FAE04EC0-301F-11D3-BF4B-00C04F79EFBC}") = "BankLibary", "BankLibary\BankLibary.csproj", "{612A1D7B-0B8A-4021-BD8C-726BBA8F5441}"
EndProject
Global
	GlobalSection(SolutionConfigurationPlatforms) = preSolution
		Debug|Any CPU = Debug|Any CPU
		Release|Any CPU = Release|Any CPU
	EndGlobalSection
	GlobalSection(ProjectConfigurationPlatforms) = postSolution
		{98AE1ECB-6E82-4E03-910B-F84C69917A2E}.Debug|Any CPU.ActiveCfg = Debug|Any CPU
		{98AE1ECB-6E82-4E03-910B-F84C69917A2E}.Debug|Any CPU.Build.0 = Debug|Any CPU
		{98AE1ECB-6E82-4E03-910B-F84C69917A2E}.Release|Any CPU.ActiveCfg = Release|Any CPU
		{98AE1ECB-6E82-4E03-910B-F84C69917A2E}.Release|Any CPU.Build.0 = Release|Any CPU
		{612A1D7B-0B8A-4021-BD8C-726BBA8F5441}.Debug|Any CPU.ActiveCfg = Debug|Any CPU
		{612A1D7B-0B8A-4021-BD8C-726BBA8F5441}.Debug|Any CPU.Build.0 = Debug|Any CPU
		{612A1D7B-0B8A-4021-BD8C-726BBA8F5441}.Release|Any CPU.ActiveCfg = Release|Any CPU
		{612A1D7B-0B8A-4021-BD8C-726BBA8F5441}.Release|Any CPU.Build.0 = Release|Any CPU
	EndGlobalSection
	GlobalSection(SolutionProperties) = preSolution
		HideSolutionNode = FALSE
	EndGlobalSection
	GlobalSection(ExtensibilityGlobals) = postSolution
		SolutionGuid = {BDBC1938-F974-4EA6-BC9C-5555B9FF3B40}
	EndGlobalSection
EndGlobal
